github.com/elioli1991/app-infra v0.1.0 h1:zoSWyH+HyBfH1k5QOIG2bfvCAyAg4CUz/ceCsjt2dho=
github.com/elioli1991/app-infra v0.1.0/go.mod h1:bpyLWt/lAmVD49+k6ORdO02hTs0Xn78jATgEZs4n7KM=
github.com/elioli1991/app-infra v0.1.1 h1:cBPI5MoBKrk39M8U4jZjXTucGKKXQr8hz86F+Vhzv6o=
github.com/elioli1991/app-infra v0.1.1/go.mod h1:bpyLWt/lAmVD49+k6ORdO02hTs0Xn78jATgEZs4n7KM=
